
Microsoft Visual Studio Solution File, Format Version 12.00
# Visual Studio 14
VisualStudioVersion = 14.0.25420.1
MinimumVisualStudioVersion = 10.0.40219.1
Project("{FAE04EC0-301F-11D3-BF4B-00C04F79EFBC}") = "zadaca2", "zadaca2\zadaca2.csproj", "{F54F6C32-FB84-44D4-B081-DE55A81F2BF0}"
EndProject
Project("{FAE04EC0-301F-11D3-BF4B-00C04F79EFBC}") = "Zadaca1", "Klase\Zadaca1.csproj", "{8E8E6B44-C2B0-484B-BCB5-C375BED79F47}"
EndProject
Global
	GlobalSection(SolutionConfigurationPlatforms) = preSolution
		Debug|Any CPU = Debug|Any CPU
		Release|Any CPU = Release|Any CPU
	EndGlobalSection
	GlobalSection(ProjectConfigurationPlatforms) = postSolution
		{F54F6C32-FB84-44D4-B081-DE55A81F2BF0}.Debug|Any CPU.ActiveCfg = Debug|Any CPU
		{F54F6C32-FB84-44D4-B081-DE55A81F2BF0}.Debug|Any CPU.Build.0 = Debug|Any CPU
		{F54F6C32-FB84-44D4-B081-DE55A81F2BF0}.Release|Any CPU.ActiveCfg = Release|Any CPU
		{F54F6C32-FB84-44D4-B081-DE55A81F2BF0}.Release|Any CPU.Build.0 = Release|Any CPU
		{8E8E6B44-C2B0-484B-BCB5-C375BED79F47}.Debug|Any CPU.ActiveCfg = Debug|Any CPU
		{8E8E6B44-C2B0-484B-BCB5-C375BED79F47}.Debug|Any CPU.Build.0 = Debug|Any CPU
		{8E8E6B44-C2B0-484B-BCB5-C375BED79F47}.Release|Any CPU.ActiveCfg = Release|Any CPU
		{8E8E6B44-C2B0-484B-BCB5-C375BED79F47}.Release|Any CPU.Build.0 = Release|Any CPU
	EndGlobalSection
	GlobalSection(SolutionProperties) = preSolution
		HideSolutionNode = FALSE
	EndGlobalSection
EndGlobal
